PODS:
  - AFNetworking (4.0.1):
    - AFNetworking/NSURLSession (= 4.0.1)
    - AFNetworking/Reachability (= 4.0.1)
    - AFNetworking/Security (= 4.0.1)
    - AFNetworking/Serialization (= 4.0.1)
    - AFNetworking/UIKit (= 4.0.1)
  - AFNetworking/NSURLSession (4.0.1):
    - AFNetworking/Reachability
    - AFNetworking/Security
    - AFNetworking/Serialization
  - AFNetworking/Reachability (4.0.1)
  - AFNetworking/Security (4.0.1)
  - AFNetworking/Serialization (4.0.1)
  - AFNetworking/UIKit (4.0.1):
    - AFNetworking/NSURLSession
  - app_settings (5.1.1):
    - Flutter
  - BaiduMapKit/Base (6.5.9)
  - BaiduMapKit/Map (6.5.9):
    - BaiduMapKit/Base
  - BaiduMapKit/Search (6.5.9):
    - BaiduMapKit/Base
  - BaiduMapKit/Utils (6.5.9):
    - BaiduMapKit/Base
  - BMKLocationKit (2.0.9)
  - connectivity_plus (0.0.1):
    - Flutter
    - ReachabilitySwift
  - device_info_plus (0.0.1):
    - Flutter
  - Flutter (1.0.0)
  - flutter_baidu_mapapi_base (3.5.0):
    - BaiduMapKit/Utils (= 6.5.9)
    - Flutter
  - flutter_baidu_mapapi_map (3.5.0):
    - BaiduMapKit/Map (= 6.5.9)
    - Flutter
    - flutter_baidu_mapapi_base
  - flutter_baidu_mapapi_search (3.5.0):
    - BaiduMapKit/Search (= 6.5.9)
    - Flutter
    - flutter_baidu_mapapi_base
  - flutter_bmflocation (3.4.0):
    - BMKLocationKit (~> 2.0.7)
    - Flutter
  - flutter_local_notifications (0.0.1):
    - Flutter
  - FMDB (2.7.5):
    - FMDB/standard (= 2.7.5)
  - FMDB/standard (2.7.5)
  - image_pickers (0.0.1):
    - AFNetworking
    - Flutter
    - SDWebImage
    - ZLPhotoBrowser (~> 4.3.9)
  - JCore (4.4.0)
  - JPush (5.2.0):
    - JCore (>= 2.0.0)
  - jpush_flutter (0.0.2):
    - Flutter
    - JCore (= 4.4.0)
    - JPush (= 5.2.0)
  - open_filex (0.0.2):
    - Flutter
  - package_info_plus (0.4.5):
    - Flutter
  - path_provider_foundation (0.0.1):
    - Flutter
    - FlutterMacOS
  - permission_handler_apple (9.1.1):
    - Flutter
  - ReachabilitySwift (5.0.0)
  - SDWebImage (5.18.3):
    - SDWebImage/Core (= 5.18.3)
  - SDWebImage/Core (5.18.3)
  - sensors_plus (0.0.1):
    - Flutter
  - share_plus (0.0.1):
    - Flutter
  - shared_preferences_foundation (0.0.1):
    - Flutter
    - FlutterMacOS
  - sqflite (0.0.3):
    - Flutter
    - FMDB (>= 2.7.5)
  - url_launcher_ios (0.0.1):
    - Flutter
  - webview_flutter_wkwebview (0.0.1):
    - Flutter
  - ZLPhotoBrowser (4.3.9):
    - ZLPhotoBrowser/Core (= 4.3.9)
  - ZLPhotoBrowser/Core (4.3.9)

DEPENDENCIES:
  - app_settings (from `.symlinks/plugins/app_settings/ios`)
  - connectivity_plus (from `.symlinks/plugins/connectivity_plus/ios`)
  - device_info_plus (from `.symlinks/plugins/device_info_plus/ios`)
  - Flutter (from `Flutter`)
  - flutter_baidu_mapapi_base (from `.symlinks/plugins/flutter_baidu_mapapi_base/ios`)
  - flutter_baidu_mapapi_map (from `.symlinks/plugins/flutter_baidu_mapapi_map/ios`)
  - flutter_baidu_mapapi_search (from `.symlinks/plugins/flutter_baidu_mapapi_search/ios`)
  - flutter_bmflocation (from `.symlinks/plugins/flutter_bmflocation/ios`)
  - flutter_local_notifications (from `.symlinks/plugins/flutter_local_notifications/ios`)
  - image_pickers (from `.symlinks/plugins/image_pickers/ios`)
  - jpush_flutter (from `.symlinks/plugins/jpush_flutter/ios`)
  - open_filex (from `.symlinks/plugins/open_filex/ios`)
  - package_info_plus (from `.symlinks/plugins/package_info_plus/ios`)
  - path_provider_foundation (from `.symlinks/plugins/path_provider_foundation/darwin`)
  - permission_handler_apple (from `.symlinks/plugins/permission_handler_apple/ios`)
  - sensors_plus (from `.symlinks/plugins/sensors_plus/ios`)
  - share_plus (from `.symlinks/plugins/share_plus/ios`)
  - shared_preferences_foundation (from `.symlinks/plugins/shared_preferences_foundation/darwin`)
  - sqflite (from `.symlinks/plugins/sqflite/ios`)
  - url_launcher_ios (from `.symlinks/plugins/url_launcher_ios/ios`)
  - webview_flutter_wkwebview (from `.symlinks/plugins/webview_flutter_wkwebview/ios`)

SPEC REPOS:
  trunk:
    - AFNetworking
    - BaiduMapKit
    - BMKLocationKit
    - FMDB
    - JCore
    - JPush
    - ReachabilitySwift
    - SDWebImage
    - ZLPhotoBrowser

EXTERNAL SOURCES:
  app_settings:
    :path: ".symlinks/plugins/app_settings/ios"
  connectivity_plus:
    :path: ".symlinks/plugins/connectivity_plus/ios"
  device_info_plus:
    :path: ".symlinks/plugins/device_info_plus/ios"
  Flutter:
    :path: Flutter
  flutter_baidu_mapapi_base:
    :path: ".symlinks/plugins/flutter_baidu_mapapi_base/ios"
  flutter_baidu_mapapi_map:
    :path: ".symlinks/plugins/flutter_baidu_mapapi_map/ios"
  flutter_baidu_mapapi_search:
    :path: ".symlinks/plugins/flutter_baidu_mapapi_search/ios"
  flutter_bmflocation:
    :path: ".symlinks/plugins/flutter_bmflocation/ios"
  flutter_local_notifications:
    :path: ".symlinks/plugins/flutter_local_notifications/ios"
  image_pickers:
    :path: ".symlinks/plugins/image_pickers/ios"
  jpush_flutter:
    :path: ".symlinks/plugins/jpush_flutter/ios"
  open_filex:
    :path: ".symlinks/plugins/open_filex/ios"
  package_info_plus:
    :path: ".symlinks/plugins/package_info_plus/ios"
  path_provider_foundation:
    :path: ".symlinks/plugins/path_provider_foundation/darwin"
  permission_handler_apple:
    :path: ".symlinks/plugins/permission_handler_apple/ios"
  sensors_plus:
    :path: ".symlinks/plugins/sensors_plus/ios"
  share_plus:
    :path: ".symlinks/plugins/share_plus/ios"
  shared_preferences_foundation:
    :path: ".symlinks/plugins/shared_preferences_foundation/darwin"
  sqflite:
    :path: ".symlinks/plugins/sqflite/ios"
  url_launcher_ios:
    :path: ".symlinks/plugins/url_launcher_ios/ios"
  webview_flutter_wkwebview:
    :path: ".symlinks/plugins/webview_flutter_wkwebview/ios"

SPEC CHECKSUMS:
  AFNetworking: 3bd23d814e976cd148d7d44c3ab78017b744cd58
  app_settings: 017320c6a680cdc94c799949d95b84cb69389ebc
  BaiduMapKit: 5ec1c4dda6a55be048cf82f6eb09b2891ec85de8
  BMKLocationKit: 29576a1a804c9defaeae258516591eee015a03d6
  connectivity_plus: bf0076dd84a130856aa636df1c71ccaff908fa1d
  device_info_plus: c6fb39579d0f423935b0c9ce7ee2f44b71b9fce6
  Flutter: f04841e97a9d0b0a8025694d0796dd46242b2854
  flutter_baidu_mapapi_base: f976bdf4e870e4fcd40f8ea40cdadfb4e46d3749
  flutter_baidu_mapapi_map: f522de53b927636e725c68f73d2fbf0f37840ea3
  flutter_baidu_mapapi_search: fc9a79e33e4d16ca04dc316a914b86d7a5de0940
  flutter_bmflocation: e3e4ba0c18aa4a2a64573568a3291a51d1fb3416
  flutter_local_notifications: 0c0b1ae97e741e1521e4c1629a459d04b9aec743
  FMDB: 2ce00b547f966261cd18927a3ddb07cb6f3db82a
  image_pickers: 4406949954a5eb4fac5ada5f13810e6419ef4467
  JCore: 05f0f3489672ea3fa55338bae4866224bc092b1f
  JPush: 76668b765fcfd7c15f86b05ca0e5cdc01945ce23
  jpush_flutter: 1f436f1a02db5c5ef9e9b42378f557096ccd328b
  open_filex: 6e26e659846ec990262224a12ef1c528bb4edbe4
  package_info_plus: fd030dabf36271f146f1f3beacd48f564b0f17f7
  path_provider_foundation: 29f094ae23ebbca9d3d0cec13889cd9060c0e943
  permission_handler_apple: e76247795d700c14ea09e3a2d8855d41ee80a2e6
  ReachabilitySwift: 985039c6f7b23a1da463388634119492ff86c825
  SDWebImage: 96e0c18ef14010b7485210e92fac888587ebb958
  sensors_plus: 4ee32bc7d61a055f27f88d3215ad6b6fb96a2b8e
  share_plus: c3fef564749587fc939ef86ffb283ceac0baf9f5
  shared_preferences_foundation: 5b919d13b803cadd15ed2dc053125c68730e5126
  sqflite: 31f7eba61e3074736dff8807a9b41581e4f7f15a
  url_launcher_ios: 68d46cc9766d0c41dbdc884310529557e3cd7a86
  webview_flutter_wkwebview: 2e2d318f21a5e036e2c3f26171342e95908bd60a
  ZLPhotoBrowser: 02b3569b8f702d2e153e8fdb1f6b32fef3a2867c

PODFILE CHECKSUM: 56300c96323f45c921f6f699e05f50175566fbc9

COCOAPODS: 1.12.0
